
Microsoft Visual Studio Solution File, Format Version 12.00
# Visual Studio Version 17
VisualStudioVersion = 17.13.35818.85 d17.13
MinimumVisualStudioVersion = 10.0.40219.1
Project("{8BC9CEB8-8B4A-11D0-8D11-00A0C91BC942}") = "Algorithm_Kosta", "Algorithm_Kosta.vcxproj", "{BDB9DB79-A74E-4813-8ADC-D21A34391825}"
EndProject
Global
	GlobalSection(SolutionConfigurationPlatforms) = preSolution
		Debug|x64 = Debug|x64
		Debug|x86 = Debug|x86
		Release|x64 = Release|x64
		Release|x86 = Release|x86
	EndGlobalSection
	GlobalSection(ProjectConfigurationPlatforms) = postSolution
		{BDB9DB79-A74E-4813-8ADC-D21A34391825}.Debug|x64.ActiveCfg = Debug|x64
		{BDB9DB79-A74E-4813-8ADC-D21A34391825}.Debug|x64.Build.0 = Debug|x64
		{BDB9DB79-A74E-4813-8ADC-D21A34391825}.Debug|x86.ActiveCfg = Debug|Win32
		{BDB9DB79-A74E-4813-8ADC-D21A34391825}.Debug|x86.Build.0 = Debug|Win32
		{BDB9DB79-A74E-4813-8ADC-D21A34391825}.Release|x64.ActiveCfg = Release|x64
		{BDB9DB79-A74E-4813-8ADC-D21A34391825}.Release|x64.Build.0 = Release|x64
		{BDB9DB79-A74E-4813-8ADC-D21A34391825}.Release|x86.ActiveCfg = Release|Win32
		{BDB9DB79-A74E-4813-8ADC-D21A34391825}.Release|x86.Build.0 = Release|Win32
	EndGlobalSection
	GlobalSection(SolutionProperties) = preSolution
		HideSolutionNode = FALSE
	EndGlobalSection
	GlobalSection(ExtensibilityGlobals) = postSolution
		SolutionGuid = {98BD80BC-06A2-44CC-BE17-48CFAE06B4D2}
	EndGlobalSection
EndGlobal
